
Microsoft Visual Studio Solution File, Format Version 12.00
# Visual Studio Version 16
VisualStudioVersion = 16.0.30330.147
MinimumVisualStudioVersion = 10.0.40219.1
Project("{FAE04EC0-301F-11D3-BF4B-00C04F79EFBC}") = "Bronze Age", "Source\Bronze Age.csproj", "{BBC6C752-590F-4137-BB72-25DEA00E3043}"
EndProject
Project("{FAE04EC0-301F-11D3-BF4B-00C04F79EFBC}") = "Common", "Common.csproj", "{72E45314-FA8C-4D2E-92E3-AAE070EE0A0E}"
EndProject
Project("{FAE04EC0-301F-11D3-BF4B-00C04F79EFBC}") = "ModListGen", "ModListGen\ModListGen.csproj", "{A02CFB73-0492-4F53-B528-FFE20277E8B1}"
EndProject
Global
	GlobalSection(SolutionConfigurationPlatforms) = preSolution
		Debug|Any CPU = Debug|Any CPU
		Release|Any CPU = Release|Any CPU
	EndGlobalSection
	GlobalSection(ProjectConfigurationPlatforms) = postSolution
		{BBC6C752-590F-4137-BB72-25DEA00E3043}.Debug|Any CPU.ActiveCfg = Debug|Any CPU
		{BBC6C752-590F-4137-BB72-25DEA00E3043}.Debug|Any CPU.Build.0 = Debug|Any CPU
		{BBC6C752-590F-4137-BB72-25DEA00E3043}.Release|Any CPU.ActiveCfg = Release|Any CPU
		{BBC6C752-590F-4137-BB72-25DEA00E3043}.Release|Any CPU.Build.0 = Release|Any CPU
		{72E45314-FA8C-4D2E-92E3-AAE070EE0A0E}.Debug|Any CPU.ActiveCfg = Debug|x86
		{72E45314-FA8C-4D2E-92E3-AAE070EE0A0E}.Release|Any CPU.ActiveCfg = Debug|x86
		{72E45314-FA8C-4D2E-92E3-AAE070EE0A0E}.Release|Any CPU.Build.0 = Debug|x86
		{A02CFB73-0492-4F53-B528-FFE20277E8B1}.Debug|Any CPU.ActiveCfg = Debug|Any CPU
		{A02CFB73-0492-4F53-B528-FFE20277E8B1}.Debug|Any CPU.Build.0 = Debug|Any CPU
		{A02CFB73-0492-4F53-B528-FFE20277E8B1}.Release|Any CPU.ActiveCfg = Release|Any CPU
		{A02CFB73-0492-4F53-B528-FFE20277E8B1}.Release|Any CPU.Build.0 = Release|Any CPU
	EndGlobalSection
	GlobalSection(SolutionProperties) = preSolution
		HideSolutionNode = FALSE
	EndGlobalSection
	GlobalSection(ExtensibilityGlobals) = postSolution
		SolutionGuid = {11CD21E4-1B96-4C12-A56E-ADF019F4128B}
	EndGlobalSection
EndGlobal
